{
  "name": "so-simple-theme",
  "lockfileVersion": 2,
  "requires": true,
  "packages": {
    "": {
      "name": "so-simple-theme",
      "devDependencies": {
        "grunt": "~0.4.1",
        "grunt-contrib-clean": "~0.5.0",
        "grunt-contrib-jshint": "~0.6.3",
        "grunt-contrib-uglify": "~0.2.2"
      },
      "engines": {
        "node": ">= 0.10.0"
      }
    },
    "node_modules/abbrev": {
      "version": "1.1.1",
      "resolved": "https://registry.npmjs.org/abbrev/-/abbrev-1.1.1.tgz",
      "integrity": "sha512-nne9/IiQ/hzIhY6pdDnbBtz7DjPTKrY00P/zvPSm5pOFkl6xuGrGnXn/VtTNNfNtAfZ9/1RtehkszU9qcTii0Q==",
      "dev": true
    },
    "node_modules/amdefine": {
      "version": "1.0.1",
      "resolved": "https://registry.npmjs.org/amdefine/-/amdefine-1.0.1.tgz",
      "integrity": "sha512-S2Hw0TtNkMJhIabBwIojKL9YHO5T0n5eNqWJ7Lrlel/zDbftQpxpapi8tZs3X1HWa+u+QeydGmzzNU0m09+Rcg==",
      "dev": true,
      "engines": {
        "node": ">=0.4.2"
      }
    },
    "node_modules/argparse": {
      "version": "0.1.16",
      "resolved": "https://registry.npmjs.org/argparse/-/argparse-0.1.16.tgz",
      "integrity": "sha512-LjmC2dNpdn2L4UzyoaIr11ELYoLn37ZFy9zObrQFHsSuOepeUEMKnM8w5KL4Tnrp2gy88rRuQt6Ky8Bjml+Baw==",
      "dev": true,
      "dependencies": {
        "underscore": "~1.7.0",
        "underscore.string": "~2.4.0"
      }
    },
    "node_modules/argparse/node_modules/underscore.string": {
      "version": "2.4.0",
      "resolved": "https://registry.npmjs.org/underscore.string/-/underscore.string-2.4.0.tgz",
      "integrity": "sha512-yxkabuCaIBnzfIvX3kBxQqCs0ar/bfJwDnFEHJUm/ZrRVhT3IItdRF5cZjARLzEnyQYtIUhsZ2LG2j3HidFOFQ==",
      "dev": true,
      "engines": {
        "node": "*"
      }
    },
    "node_modules/async": {
      "version": "0.1.22",
      "resolved": "https://registry.npmjs.org/async/-/async-0.1.22.tgz",
      "integrity": "sha512-2tEzliJmf5fHNafNwQLJXUasGzQCVctvsNkXmnlELHwypU0p08/rHohYvkqKIjyXpx+0rkrYv6QbhJ+UF4QkBg==",
      "dev": true,
      "engines": {
        "node": "*"
      }
    },
    "node_modules/camelcase": {
      "version": "1.2.1",
      "resolved": "https://registry.npmjs.org/camelcase/-/camelcase-1.2.1.tgz",
      "integrity": "sha512-wzLkDa4K/mzI1OSITC+DUyjgIl/ETNHE9QvYgy6J6Jvqyyz4C0Xfd+lQhb19sX2jMpZV4IssUn0VDVmglV+s4g==",
      "dev": true,
      "engines": {
        "node": ">=0.10.0"
      }
    },
    "node_modules/cli": {
      "version": "0.4.5",
      "resolved": "https://registry.npmjs.org/cli/-/cli-0.4.5.tgz",
      "integrity": "sha512-dbn5HyeJWSOU58RwOEiF1VWrl7HRvDsKLpu0uiI/vExH6iNoyUzjB5Mr3IJY5DVUfnbpe9793xw4DFJVzC9nWQ==",
      "dev": true,
      "dependencies": {
        "glob": ">= 3.1.4"
      },
      "engines": {
        "node": ">=0.2.5"
      }
    },
    "node_modules/coffee-script": {
      "version": "1.3.3",
      "resolved": "https://registry.npmjs.org/coffee-script/-/coffee-script-1.3.3.tgz",
      "integrity": "sha512-QjQ1T4BqyHv19k6XSfdhy/QLlIOhywz0ekBUCa9h71zYMJlfDTGan/Z1JXzYkZ6v8R+GhvL/p4FZPbPW8WNXlg==",
      "deprecated": "CoffeeScript on NPM has moved to \"coffeescript\" (no hyphen)",
      "dev": true,
      "bin": {
        "cake": "bin/cake",
        "coffee": "bin/coffee"
      },
      "engines": {
        "node": ">=0.4.0"
      }
    },
    "node_modules/colors": {
      "version": "0.6.2",
      "resolved": "https://registry.npmjs.org/colors/-/colors-0.6.2.tgz",
      "integrity": "sha512-OsSVtHK8Ir8r3+Fxw/b4jS1ZLPXkV6ZxDRJQzeD7qo0SqMXWrHDM71DgYzPMHY8SFJ0Ao+nNU2p1MmwdzKqPrw==",
      "dev": true,
      "engines": {
        "node": ">=0.1.90"
      }
    },
    "node_modules/console-browserify": {
      "version": "0.1.6",
      "resolved": "https://registry.npmjs.org/console-browserify/-/console-browserify-0.1.6.tgz",
      "integrity": "sha512-FJahZyF+dLKrC7h4DOq5JsHA+f0cLJD3TR1+0CK3n6phtdrVAPsZZKq+PZRmo2RYSOHvvs8kNhU4uRiSZUbSbA==",
      "dev": true
    },
    "node_modules/dateformat": {
      "version": "1.0.2-1.2.3",
      "resolved": "https://registry.npmjs.org/dateformat/-/dateformat-1.0.2-1.2.3.tgz",
      "integrity": "sha512-AXvW8g7tO4ilk5HgOWeDmPi/ZPaCnMJ+9Cg1I3p19w6mcvAAXBuuGEXAxybC+Djj1PSZUiHUcyoYu7WneCX8gQ==",
      "dev": true,
      "engines": {
        "node": "*"
      }
    },
    "node_modules/decamelize": {
      "version": "1.2.0",
      "resolved": "https://registry.npmjs.org/decamelize/-/decamelize-1.2.0.tgz",
      "integrity": "sha512-z2S+W9X73hAUUki+N+9Za2lBlun89zigOyGrsax+KUQ6wKW4ZoWpEYBkGhQjwAjjDCkWxhY0VKEhk8wzY7F5cA==",
      "dev": true,
      "engines": {
        "node": ">=0.10.0"
      }
    },
    "node_modules/esprima": {
      "version": "1.0.4",
      "resolved": "https://registry.npmjs.org/esprima/-/esprima-1.0.4.tgz",
      "integrity": "sha512-rp5dMKN8zEs9dfi9g0X1ClLmV//WRyk/R15mppFNICIFRG5P92VP7Z04p8pk++gABo9W2tY+kHyu6P1mEHgmTA==",
      "dev": true,
      "bin": {
        "esparse": "bin/esparse.js",
        "esvalidate": "bin/esvalidate.js"
      },
      "engines": {
        "node": ">=0.4.0"
      }
    },
    "node_modules/eventemitter2": {
      "version": "0.4.14",
      "resolved": "https://registry.npmjs.org/eventemitter2/-/eventemitter2-0.4.14.tgz",
      "integrity": "sha512-K7J4xq5xAD5jHsGM5ReWXRTFa3JRGofHiMcVgQ8PRwgWxzjHpMWCIzsmyf60+mh8KLsqYPcjUMa0AC4hd6lPyQ==",
      "dev": true
    },
    "node_modules/exit": {
      "version": "0.1.2",
      "resolved": "https://registry.npmjs.org/exit/-/exit-0.1.2.tgz",
      "integrity": "sha512-Zk/eNKV2zbjpKzrsQ+n1G6poVbErQxJ0LBOJXaKZ1EViLzH+hrLu9cdXI4zw9dBQJslwBEpbQ2P1oS7nDxs6jQ==",
      "dev": true,
      "engines": {
        "node": ">= 0.8.0"
      }
    },
    "node_modules/findup-sync": {
      "version": "0.1.3",
      "resolved": "https://registry.npmjs.org/findup-sync/-/findup-sync-0.1.3.tgz",
      "integrity": "sha512-yjftfYnF4ThYEvKEV/kEFR15dmtyXTAh3vQnzpJUoc7Naj5y1P0Ck7Zs1+Vroa00E3KT3IYsk756S+8WA5dNLw==",
      "dev": true,
      "dependencies": {
        "glob": "~3.2.9",
        "lodash": "~2.4.1"
      },
      "engines": {
        "node": ">= 0.6.0"
      }
    },
    "node_modules/findup-sync/node_modules/glob": {
      "version": "3.2.11",
      "resolved": "https://registry.npmjs.org/glob/-/glob-3.2.11.tgz",
      "integrity": "sha512-hVb0zwEZwC1FXSKRPFTeOtN7AArJcJlI6ULGLtrstaswKNlrTJqAA+1lYlSUop4vjA423xlBzqfVS3iWGlqJ+g==",
      "dev": true,
      "dependencies": {
        "inherits": "2",
        "minimatch": "0.3"
      },
      "engines": {
        "node": "*"
      }
    },
    "node_modules/findup-sync/node_modules/inherits": {
      "version": "2.0.4",
      "resolved": "https://registry.npmjs.org/inherits/-/inherits-2.0.4.tgz",
      "integrity": "sha512-k/vGaX4/Yla3WzyMCvTQOXYeIHvqOKtnqBduzTHpzpQZzAskKMhZ2K+EnBiSM9zGSoIFeMpXKxa4dYeZIQqewQ==",
      "dev": true
    },
    "node_modules/findup-sync/node_modules/lodash": {
      "version": "2.4.2",
      "resolved": "https://registry.npmjs.org/lodash/-/lodash-2.4.2.tgz",
      "integrity": "sha512-Kak1hi6/hYHGVPmdyiZijoQyz5x2iGVzs6w9GYB/HiXEtylY7tIoYEROMjvM1d9nXJqPOrG2MNPMn01bJ+S0Rw==",
      "dev": true,
      "engines": [
        "node",
        "rhino"
      ]
    },
    "node_modules/findup-sync/node_modules/minimatch": {
      "version": "0.3.0",
      "resolved": "https://registry.npmjs.org/minimatch/-/minimatch-0.3.0.tgz",
      "integrity": "sha512-WFX1jI1AaxNTZVOHLBVazwTWKaQjoykSzCBNXB72vDTCzopQGtyP91tKdFK5cv1+qMwPyiTu1HqUriqplI8pcA==",
      "deprecated": "Please update to minimatch 3.0.2 or higher to avoid a RegExp DoS issue",
      "dev": true,
      "dependencies": {
        "lru-cache": "2",
        "sigmund": "~1.0.0"
      },
      "engines": {
        "node": "*"
      }
    },
    "node_modules/getobject": {
      "version": "0.1.0",
      "resolved": "https://registry.npmjs.org/getobject/-/getobject-0.1.0.tgz",
      "integrity": "sha512-hIGEBfnHcZpWkXPsAVeVmpYDvfy/matVl03yOY91FPmnpCC12Lm5izNxCjO3lHAeO6uaTwMxu7g450Siknlhig==",
      "dev": true,
      "engines": {
        "node": ">= 0.8.0"
      }
    },
    "node_modules/glob": {
      "version": "3.1.21",
      "resolved": "https://registry.npmjs.org/glob/-/glob-3.1.21.tgz",
      "integrity": "sha512-ANhy2V2+tFpRajE3wN4DhkNQ08KDr0Ir1qL12/cUe5+a7STEK8jkW4onUYuY8/06qAFuT5je7mjAqzx0eKI2tQ==",
      "dev": true,
      "dependencies": {
        "graceful-fs": "~1.2.0",
        "inherits": "1",
        "minimatch": "~0.2.11"
      },
      "engines": {
        "node": "*"
      }
    },
    "node_modules/graceful-fs": {
      "version": "1.2.3",
      "resolved": "https://registry.npmjs.org/graceful-fs/-/graceful-fs-1.2.3.tgz",
      "integrity": "sha512-iiTUZ5vZ+2ZV+h71XAgwCSu6+NAizhFU3Yw8aC/hH5SQ3SnISqEqAek40imAFGtDcwJKNhXvSY+hzIolnLwcdQ==",
      "deprecated": "please upgrade to graceful-fs 4 for compatibility with current and future versions of Node.js",
      "dev": true,
      "engines": {
        "node": ">=0.4.0"
      }
    },
    "node_modules/grunt": {
      "version": "0.4.5",
      "resolved": "https://registry.npmjs.org/grunt/-/grunt-0.4.5.tgz",
      "integrity": "sha512-1iq3ylLjzXqz/KSq1OAE2qhnpcbkF2WyhsQcavZt+YmgvHu0EbPMEhGhy2gr0FP67isHpRdfwjB5WVeXXcJemQ==",
      "dev": true,
      "dependencies": {
        "async": "~0.1.22",
        "coffee-script": "~1.3.3",
        "colors": "~0.6.2",
        "dateformat": "1.0.2-1.2.3",
        "eventemitter2": "~0.4.13",
        "exit": "~0.1.1",
        "findup-sync": "~0.1.2",
        "getobject": "~0.1.0",
        "glob": "~3.1.21",
        "grunt-legacy-log": "~0.1.0",
        "grunt-legacy-util": "~0.2.0",
        "hooker": "~0.2.3",
        "iconv-lite": "~0.2.11",
        "js-yaml": "~2.0.5",
        "lodash": "~0.9.2",
        "minimatch": "~0.2.12",
        "nopt": "~1.0.10",
        "rimraf": "~2.2.8",
        "underscore.string": "~2.2.1",
        "which": "~1.0.5"
      },
      "engines": {
        "node": ">= 0.8.0"
      }
    },
    "node_modules/grunt-contrib-clean": {
      "version": "0.5.0",
      "resolved": "https://registry.npmjs.org/grunt-contrib-clean/-/grunt-contrib-clean-0.5.0.tgz",
      "integrity": "sha512-82I+O38BHP4rqxceareiDKnLnrSyGnyn6N9E6sUpBgCtxXgxMbJEBooSC7KtXhLO7im1QhoPp9FdSvTZ+k1bIw==",
      "dev": true,
      "dependencies": {
        "rimraf": "~2.2.1"
      },
      "engines": {
        "node": ">= 0.8.0"
      },
      "peerDependencies": {
        "grunt": "~0.4.0"
      }
    },
    "node_modules/grunt-contrib-jshint": {
      "version": "0.6.5",
      "resolved": "https://registry.npmjs.org/grunt-contrib-jshint/-/grunt-contrib-jshint-0.6.5.tgz",
      "integrity": "sha512-Hq9ExFaE41jCoAXqwdIi2b/QGI3K/1z+52aIP0m1zTaXv6DgodDhnR7ijqGTI3mm9UdJi/qfb08/UmEOEKsuLw==",
      "dev": true,
      "dependencies": {
        "jshint": "~2.1.10"
      },
      "engines": {
        "node": ">= 0.8.0"
      },
      "peerDependencies": {
        "grunt": "~0.4.0"
      }
    },
    "node_modules/grunt-contrib-uglify": {
      "version": "0.2.7",
      "resolved": "https://registry.npmjs.org/grunt-contrib-uglify/-/grunt-contrib-uglify-0.2.7.tgz",
      "integrity": "sha512-KXKM2UNLsCiUI6/DYfAIPm3i26UJJN6Cf6KD8fFa2TKllj7yLPC853IxtWBJ/3jX66QtXHGtdCORuuA6sAFvvA==",
      "dev": true,
      "dependencies": {
        "grunt-lib-contrib": "~0.6.1",
        "uglify-js": "~2.4.0"
      },
      "engines": {
        "node": ">= 0.8.0"
      },
      "peerDependencies": {
        "grunt": "~0.4.0"
      }
    },
    "node_modules/grunt-legacy-log": {
      "version": "0.1.3",
      "resolved": "https://registry.npmjs.org/grunt-legacy-log/-/grunt-legacy-log-0.1.3.tgz",
      "integrity": "sha512-qYs/uM0ImdzwIXLhS4O5WLV5soAM+PEqqHI/hzSxlo450ERSccEhnXqoeDA9ZozOdaWuYnzTOTwRcVRogleMxg==",
      "dev": true,
      "dependencies": {
        "colors": "~0.6.2",
        "grunt-legacy-log-utils": "~0.1.1",
        "hooker": "~0.2.3",
        "lodash": "~2.4.1",
        "underscore.string": "~2.3.3"
      },
      "engines": {
        "node": ">= 0.8.0"
      }
    },
    "node_modules/grunt-legacy-log-utils": {
      "version": "0.1.1",
      "resolved": "https://registry.npmjs.org/grunt-legacy-log-utils/-/grunt-legacy-log-utils-0.1.1.tgz",
      "integrity": "sha512-D0vbUX00TFYCKNZtcZzemMpwT8TR/FdRs1pmfiBw6qnUw80PfsjV+lhIozY/3eJ3PSG2zj89wd2mH/7f4tNAlw==",
      "dev": true,
      "dependencies": {
        "colors": "~0.6.2",
        "lodash": "~2.4.1",
        "underscore.string": "~2.3.3"
      },
      "engines": {
        "node": ">= 0.8.0"
      }
    },
    "node_modules/grunt-legacy-log-utils/node_modules/lodash": {
      "version": "2.4.2",
      "resolved": "https://registry.npmjs.org/lodash/-/lodash-2.4.2.tgz",
      "integrity": "sha512-Kak1hi6/hYHGVPmdyiZijoQyz5x2iGVzs6w9GYB/HiXEtylY7tIoYEROMjvM1d9nXJqPOrG2MNPMn01bJ+S0Rw==",
      "dev": true,
      "engines": [
        "node",
        "rhino"
      ]
    },
    "node_modules/grunt-legacy-log-utils/node_modules/underscore.string": {
      "version": "2.3.3",
      "resolved": "https://registry.npmjs.org/underscore.string/-/underscore.string-2.3.3.tgz",
      "integrity": "sha512-hbD5MibthuDAu4yA5wxes5bzFgqd3PpBJuClbRxaNddxfdsz+qf+1kHwrGQFrmchmDHb9iNU+6EHDn8uj0xDJg==",
      "dev": true,
      "engines": {
        "node": "*"
      }
    },
    "node_modules/grunt-legacy-log/node_modules/lodash": {
      "version": "2.4.2",
      "resolved": "https://registry.npmjs.org/lodash/-/lodash-2.4.2.tgz",
      "integrity": "sha512-Kak1hi6/hYHGVPmdyiZijoQyz5x2iGVzs6w9GYB/HiXEtylY7tIoYEROMjvM1d9nXJqPOrG2MNPMn01bJ+S0Rw==",
      "dev": true,
      "engines": [
        "node",
        "rhino"
      ]
    },
    "node_modules/grunt-legacy-log/node_modules/underscore.string": {
      "version": "2.3.3",
      "resolved": "https://registry.npmjs.org/underscore.string/-/underscore.string-2.3.3.tgz",
      "integrity": "sha512-hbD5MibthuDAu4yA5wxes5bzFgqd3PpBJuClbRxaNddxfdsz+qf+1kHwrGQFrmchmDHb9iNU+6EHDn8uj0xDJg==",
      "dev": true,
      "engines": {
        "node": "*"
      }
    },
    "node_modules/grunt-legacy-util": {
      "version": "0.2.0",
      "resolved": "https://registry.npmjs.org/grunt-legacy-util/-/grunt-legacy-util-0.2.0.tgz",
      "integrity": "sha512-cXPbfF8aM+pvveQeN1K872D5fRm30xfJWZiS63Y8W8oyIPLClCsmI8bW96Txqzac9cyL4lRqEBhbhJ3n5EzUUQ==",
      "dev": true,
      "dependencies": {
        "async": "~0.1.22",
        "exit": "~0.1.1",
        "getobject": "~0.1.0",
        "hooker": "~0.2.3",
        "lodash": "~0.9.2",
        "underscore.string": "~2.2.1",
        "which": "~1.0.5"
      },
      "engines": {
        "node": ">= 0.8.0"
      }
    },
    "node_modules/grunt-lib-contrib": {
      "version": "0.6.1",
      "resolved": "https://registry.npmjs.org/grunt-lib-contrib/-/grunt-lib-contrib-0.6.1.tgz",
      "integrity": "sha512-HdCtJuMmmkSAVrAfsG7lZWE0YabrsPWwzcCCUgWQOAaQsQSUNhw/IwD2YjCSLh5y9NXSPzHTYFLL4ro7QbAJMA==",
      "dev": true,
      "dependencies": {
        "zlib-browserify": "0.0.1"
      },
      "engines": {
        "node": ">= 0.8.0"
      }
    },
    "node_modules/hooker": {
      "version": "0.2.3",
      "resolved": "https://registry.npmjs.org/hooker/-/hooker-0.2.3.tgz",
      "integrity": "sha512-t+UerCsQviSymAInD01Pw+Dn/usmz1sRO+3Zk1+lx8eg+WKpD2ulcwWqHHL0+aseRBr+3+vIhiG1K1JTwaIcTA==",
      "dev": true,
      "engines": {
        "node": "*"
      }
    },
    "node_modules/iconv-lite": {
      "version": "0.2.11",
      "resolved": "https://registry.npmjs.org/iconv-lite/-/iconv-lite-0.2.11.tgz",
      "integrity": "sha512-KhmFWgaQZY83Cbhi+ADInoUQ8Etn6BG5fikM9syeOjQltvR45h7cRKJ/9uvQEuD61I3Uju77yYce0/LhKVClQw==",
      "dev": true,
      "engines": {
        "node": ">=0.4.0"
      }
    },
    "node_modules/inherits": {
      "version": "1.0.2",
      "resolved": "https://registry.npmjs.org/inherits/-/inherits-1.0.2.tgz",
      "integrity": "sha512-Al67oatbRSo3RV5hRqIoln6Y5yMVbJSIn4jEJNL7VCImzq/kLr7vvb6sFRJXqr8rpHc/2kJOM+y0sPKN47VdzA==",
      "dev": true
    },
    "node_modules/js-yaml": {
      "version": "2.0.5",
      "resolved": "https://registry.npmjs.org/js-yaml/-/js-yaml-2.0.5.tgz",
      "integrity": "sha512-VEKcIksckDBUhg2JS874xVouiPkywVUh4yyUmLCDe1Zg3bCd6M+F1eGPenPeHLc2XC8pp9G8bsuofK0NeEqRkA==",
      "dev": true,
      "dependencies": {
        "argparse": "~ 0.1.11",
        "esprima": "~ 1.0.2"
      },
      "bin": {
        "js-yaml": "bin/js-yaml.js"
      },
      "engines": {
        "node": ">= 0.6.0"
      }
    },
    "node_modules/jshint": {
      "version": "2.1.11",
      "resolved": "https://registry.npmjs.org/jshint/-/jshint-2.1.11.tgz",
      "integrity": "sha512-dudyjI4JJQYLUIKWq4SESC5xTC4Qw/VeL+VzEnkG7ZwKaxap+jKkySGQgjHj1ruSlTN4vXr0pAUIA8EFPS/+zw==",
      "dev": true,
      "dependencies": {
        "cli": "0.4.x",
        "console-browserify": "0.1.x",
        "minimatch": "0.x.x",
        "shelljs": "0.1.x",
        "underscore": "1.4.x"
      },
      "bin": {
        "jshint": "bin/jshint"
      }
    },
    "node_modules/jshint/node_modules/underscore": {
      "version": "1.4.4",
      "resolved": "https://registry.npmjs.org/underscore/-/underscore-1.4.4.tgz",
      "integrity": "sha512-ZqGrAgaqqZM7LGRzNjLnw5elevWb5M8LEoDMadxIW3OWbcv72wMMgKdwOKpd5Fqxe8choLD8HN3iSj3TUh/giQ==",
      "dev": true
    },
    "node_modules/lodash": {
      "version": "0.9.2",
      "resolved": "https://registry.npmjs.org/lodash/-/lodash-0.9.2.tgz",
      "integrity": "sha512-LVbt/rjK62gSbhehDVKL0vlaime4Y1IBixL+bKeNfoY4L2zab/jGrxU6Ka05tMA/zBxkTk5t3ivtphdyYupczw==",
      "dev": true,
      "engines": [
        "node",
        "rhino"
      ]
    },
    "node_modules/lru-cache": {
      "version": "2.7.3",
      "resolved": "https://registry.npmjs.org/lru-cache/-/lru-cache-2.7.3.tgz",
      "integrity": "sha512-WpibWJ60c3AgAz8a2iYErDrcT2C7OmKnsWhIcHOjkUHFjkXncJhtLxNSqUmxRxRunpb5I8Vprd7aNSd2NtksJQ==",
      "dev": true
    },
    "node_modules/minimatch": {
      "version": "0.2.14",
      "resolved": "https://registry.npmjs.org/minimatch/-/minimatch-0.2.14.tgz",
      "integrity": "sha512-zZ+Jy8lVWlvqqeM8iZB7w7KmQkoJn8djM585z88rywrEbzoqawVa9FR5p2hwD+y74nfuKOjmNvi9gtWJNLqHvA==",
      "deprecated": "Please update to minimatch 3.0.2 or higher to avoid a RegExp DoS issue",
      "dev": true,
      "dependencies": {
        "lru-cache": "2",
        "sigmund": "~1.0.0"
      },
      "engines": {
        "node": "*"
      }
    },
    "node_modules/nopt": {
      "version": "1.0.10",
      "resolved": "https://registry.npmjs.org/nopt/-/nopt-1.0.10.tgz",
      "integrity": "sha512-NWmpvLSqUrgrAC9HCuxEvb+PSloHpqVu+FqcO4eeF2h5qYRhA7ev6KvelyQAKtegUbC6RypJnlEOhd8vloNKYg==",
      "dev": true,
      "dependencies": {
        "abbrev": "1"
      },
      "bin": {
        "nopt": "bin/nopt.js"
      },
      "engines": {
        "node": "*"
      }
    },
    "node_modules/rimraf": {
      "version": "2.2.8",
      "resolved": "https://registry.npmjs.org/rimraf/-/rimraf-2.2.8.tgz",
      "integrity": "sha512-R5KMKHnPAQaZMqLOsyuyUmcIjSeDm+73eoqQpaXA7AZ22BL+6C+1mcUscgOsNd8WVlJuvlgAPsegcx7pjlV0Dg==",
      "dev": true,
      "bin": {
        "rimraf": "bin.js"
      }
    },
    "node_modules/shelljs": {
      "version": "0.1.4",
      "resolved": "https://registry.npmjs.org/shelljs/-/shelljs-0.1.4.tgz",
      "integrity": "sha512-UkXLBuUzAJwkal/0eYnQs8LpXQ4grKL5kPtA0RkUzhj1khUvw5Z2d717GRTRclDWQ+Y14yWkiM9cJX2CwSHxpw==",
      "dev": true,
      "bin": {
        "shjs": "bin/shjs"
      },
      "engines": {
        "node": "*"
      }
    },
    "node_modules/sigmund": {
      "version": "1.0.1",
      "resolved": "https://registry.npmjs.org/sigmund/-/sigmund-1.0.1.tgz",
      "integrity": "sha512-fCvEXfh6NWpm+YSuY2bpXb/VIihqWA6hLsgboC+0nl71Q7N7o2eaCW8mJa/NLvQhs6jpd3VZV4UiUQlV6+lc8g==",
      "dev": true
    },
    "node_modules/source-map": {
      "version": "0.1.34",
      "resolved": "https://registry.npmjs.org/source-map/-/source-map-0.1.34.tgz",
      "integrity": "sha512-yfCwDj0vR9RTwt3pEzglgb3ZgmcXHt6DjG3bjJvzPwTL+5zDQ2MhmSzAcTy0GTiQuCiriSWXvWM1/NhKdXuoQA==",
      "dev": true,
      "dependencies": {
        "amdefine": ">=0.0.4"
      },
      "engines": {
        "node": ">=0.8.0"
      }
    },
    "node_modules/uglify-js": {
      "version": "2.4.24",
      "resolved": "https://registry.npmjs.org/uglify-js/-/uglify-js-2.4.24.tgz",
      "integrity": "sha512-tktIjwackfZLd893KGJmXc1hrRHH1vH9Po3xFh1XBjjeGAnN02xJ3SuoA+n1L29/ZaCA18KzCFlckS+vfPugiA==",
      "dev": true,
      "dependencies": {
        "async": "~0.2.6",
        "source-map": "0.1.34",
        "uglify-to-browserify": "~1.0.0",
        "yargs": "~3.5.4"
      },
      "bin": {
        "uglifyjs": "bin/uglifyjs"
      },
      "engines": {
        "node": ">=0.4.0"
      }
    },
    "node_modules/uglify-js/node_modules/async": {
      "version": "0.2.10",
      "resolved": "https://registry.npmjs.org/async/-/async-0.2.10.tgz",
      "integrity": "sha512-eAkdoKxU6/LkKDBzLpT+t6Ff5EtfSF4wx1WfJiPEEV7WNLnDaRXk0oVysiEPm262roaachGexwUv94WhSgN5TQ==",
      "dev": true
    },
    "node_modules/uglify-to-browserify": {
      "version": "1.0.2",
      "resolved": "https://registry.npmjs.org/uglify-to-browserify/-/uglify-to-browserify-1.0.2.tgz",
      "integrity": "sha512-vb2s1lYx2xBtUgy+ta+b2J/GLVUR+wmpINwHePmPRhOsIVCG2wDzKJ0n14GslH1BifsqVzSOwQhRaCAsZ/nI4Q==",
      "dev": true
    },
    "node_modules/underscore": {
      "version": "1.7.0",
      "resolved": "https://registry.npmjs.org/underscore/-/underscore-1.7.0.tgz",
      "integrity": "sha512-cp0oQQyZhUM1kpJDLdGO1jPZHgS/MpzoWYfe9+CM2h/QGDZlqwT2T3YGukuBdaNJ/CAPoeyAZRRHz8JFo176vA==",
      "dev": true
    },
    "node_modules/underscore.string": {
      "version": "2.2.1",
      "resolved": "https://registry.npmjs.org/underscore.string/-/underscore.string-2.2.1.tgz",
      "integrity": "sha512-3FVmhXqelrj6gfgp3Bn6tOavJvW0dNH2T+heTD38JRxIrAbiuzbqjknszoOYj3DyFB1nWiLj208Qt2no/L4cIA==",
      "dev": true,
      "engines": {
        "node": "*"
      }
    },
    "node_modules/which": {
      "version": "1.0.9",
      "resolved": "https://registry.npmjs.org/which/-/which-1.0.9.tgz",
      "integrity": "sha512-E87fdQ/eRJr9W1X4wTPejNy9zTW3FI2vpCZSJ/HAY+TkjKVC0TUm1jk6vn2Z7qay0DQy0+RBGdXxj+RmmiGZKQ==",
      "dev": true,
      "bin": {
        "which": "bin/which"
      }
    },
    "node_modules/window-size": {
      "version": "0.1.0",
      "resolved": "https://registry.npmjs.org/window-size/-/window-size-0.1.0.tgz",
      "integrity": "sha512-1pTPQDKTdd61ozlKGNCjhNRd+KPmgLSGa3mZTHoOliaGcESD8G1PXhh7c1fgiPjVbNVfgy2Faw4BI8/m0cC8Mg==",
      "dev": true,
      "engines": {
        "node": ">= 0.8.0"
      }
    },
    "node_modules/wordwrap": {
      "version": "0.0.2",
      "resolved": "https://registry.npmjs.org/wordwrap/-/wordwrap-0.0.2.tgz",
      "integrity": "sha512-xSBsCeh+g+dinoBv3GAOWM4LcVVO68wLXRanibtBSdUvkGWQRGeE9P7IwU9EmDDi4jA6L44lz15CGMwdw9N5+Q==",
      "dev": true,
      "engines": {
        "node": ">=0.4.0"
      }
    },
    "node_modules/yargs": {
      "version": "3.5.4",
      "resolved": "https://registry.npmjs.org/yargs/-/yargs-3.5.4.tgz",
      "integrity": "sha512-5j382E4xQSs71p/xZQsU1PtRA2HXPAjX0E0DkoGLxwNASMOKX6A9doV1NrZmj85u2Pjquz402qonBzz/yLPbPA==",
      "dev": true,
      "dependencies": {
        "camelcase": "^1.0.2",
        "decamelize": "^1.0.0",
        "window-size": "0.1.0",
        "wordwrap": "0.0.2"
      }
    },
    "node_modules/zlib-browserify": {
      "version": "0.0.1",
      "resolved": "https://registry.npmjs.org/zlib-browserify/-/zlib-browserify-0.0.1.tgz",
      "integrity": "sha512-fheIDCKXU0YAGZMv4FFwVTBMQRSv2ZjNqRN1VkZjetZDK/BC/hViEhasTh0kTeogcsIAl5gYE04GN53trT+cFw==",
      "dev": true
    }
  },
  "dependencies": {
    "abbrev": {
      "version": "1.1.1",
      "resolved": "https://registry.npmjs.org/abbrev/-/abbrev-1.1.1.tgz",
      "integrity": "sha512-nne9/IiQ/hzIhY6pdDnbBtz7DjPTKrY00P/zvPSm5pOFkl6xuGrGnXn/VtTNNfNtAfZ9/1RtehkszU9qcTii0Q==",
      "dev": true
    },
    "amdefine": {
      "version": "1.0.1",
      "resolved": "https://registry.npmjs.org/amdefine/-/amdefine-1.0.1.tgz",
      "integrity": "sha512-S2Hw0TtNkMJhIabBwIojKL9YHO5T0n5eNqWJ7Lrlel/zDbftQpxpapi8tZs3X1HWa+u+QeydGmzzNU0m09+Rcg==",
      "dev": true
    },
    "argparse": {
      "version": "0.1.16",
      "resolved": "https://registry.npmjs.org/argparse/-/argparse-0.1.16.tgz",
      "integrity": "sha512-LjmC2dNpdn2L4UzyoaIr11ELYoLn37ZFy9zObrQFHsSuOepeUEMKnM8w5KL4Tnrp2gy88rRuQt6Ky8Bjml+Baw==",
      "dev": true,
      "requires": {
        "underscore": "~1.7.0",
        "underscore.string": "~2.4.0"
      },
      "dependencies": {
        "underscore.string": {
          "version": "2.4.0",
          "resolved": "https://registry.npmjs.org/underscore.string/-/underscore.string-2.4.0.tgz",
          "integrity": "sha512-yxkabuCaIBnzfIvX3kBxQqCs0ar/bfJwDnFEHJUm/ZrRVhT3IItdRF5cZjARLzEnyQYtIUhsZ2LG2j3HidFOFQ==",
          "dev": true
        }
      }
    },
    "async": {
      "version": "0.1.22",
      "resolved": "https://registry.npmjs.org/async/-/async-0.1.22.tgz",
      "integrity": "sha512-2tEzliJmf5fHNafNwQLJXUasGzQCVctvsNkXmnlELHwypU0p08/rHohYvkqKIjyXpx+0rkrYv6QbhJ+UF4QkBg==",
      "dev": true
    },
    "camelcase": {
      "version": "1.2.1",
      "resolved": "https://registry.npmjs.org/camelcase/-/camelcase-1.2.1.tgz",
      "integrity": "sha512-wzLkDa4K/mzI1OSITC+DUyjgIl/ETNHE9QvYgy6J6Jvqyyz4C0Xfd+lQhb19sX2jMpZV4IssUn0VDVmglV+s4g==",
      "dev": true
    },
    "cli": {
      "version": "0.4.5",
      "resolved": "https://registry.npmjs.org/cli/-/cli-0.4.5.tgz",
      "integrity": "sha512-dbn5HyeJWSOU58RwOEiF1VWrl7HRvDsKLpu0uiI/vExH6iNoyUzjB5Mr3IJY5DVUfnbpe9793xw4DFJVzC9nWQ==",
      "dev": true,
      "requires": {
        "glob": ">= 3.1.4"
      }
    },
    "coffee-script": {
      "version": "1.3.3",
      "resolved": "https://registry.npmjs.org/coffee-script/-/coffee-script-1.3.3.tgz",
      "integrity": "sha512-QjQ1T4BqyHv19k6XSfdhy/QLlIOhywz0ekBUCa9h71zYMJlfDTGan/Z1JXzYkZ6v8R+GhvL/p4FZPbPW8WNXlg==",
      "dev": true
    },
    "colors": {
      "version": "0.6.2",
      "resolved": "https://registry.npmjs.org/colors/-/colors-0.6.2.tgz",
      "integrity": "sha512-OsSVtHK8Ir8r3+Fxw/b4jS1ZLPXkV6ZxDRJQzeD7qo0SqMXWrHDM71DgYzPMHY8SFJ0Ao+nNU2p1MmwdzKqPrw==",
      "dev": true
    },
    "console-browserify": {
      "version": "0.1.6",
      "resolved": "https://registry.npmjs.org/console-browserify/-/console-browserify-0.1.6.tgz",
      "integrity": "sha512-FJahZyF+dLKrC7h4DOq5JsHA+f0cLJD3TR1+0CK3n6phtdrVAPsZZKq+PZRmo2RYSOHvvs8kNhU4uRiSZUbSbA==",
      "dev": true
    },
    "dateformat": {
      "version": "1.0.2-1.2.3",
      "resolved": "https://registry.npmjs.org/dateformat/-/dateformat-1.0.2-1.2.3.tgz",
      "integrity": "sha512-AXvW8g7tO4ilk5HgOWeDmPi/ZPaCnMJ+9Cg1I3p19w6mcvAAXBuuGEXAxybC+Djj1PSZUiHUcyoYu7WneCX8gQ==",
      "dev": true
    },
    "decamelize": {
      "version": "1.2.0",
      "resolved": "https://registry.npmjs.org/decamelize/-/decamelize-1.2.0.tgz",
      "integrity": "sha512-z2S+W9X73hAUUki+N+9Za2lBlun89zigOyGrsax+KUQ6wKW4ZoWpEYBkGhQjwAjjDCkWxhY0VKEhk8wzY7F5cA==",
      "dev": true
    },
    "esprima": {
      "version": "1.0.4",
      "resolved": "https://registry.npmjs.org/esprima/-/esprima-1.0.4.tgz",
      "integrity": "sha512-rp5dMKN8zEs9dfi9g0X1ClLmV//WRyk/R15mppFNICIFRG5P92VP7Z04p8pk++gABo9W2tY+kHyu6P1mEHgmTA==",
      "dev": true
    },
    "eventemitter2": {
      "version": "0.4.14",
      "resolved": "https://registry.npmjs.org/eventemitter2/-/eventemitter2-0.4.14.tgz",
      "integrity": "sha512-K7J4xq5xAD5jHsGM5ReWXRTFa3JRGofHiMcVgQ8PRwgWxzjHpMWCIzsmyf60+mh8KLsqYPcjUMa0AC4hd6lPyQ==",
      "dev": true
    },
    "exit": {
      "version": "0.1.2",
      "resolved": "https://registry.npmjs.org/exit/-/exit-0.1.2.tgz",
      "integrity": "sha512-Zk/eNKV2zbjpKzrsQ+n1G6poVbErQxJ0LBOJXaKZ1EViLzH+hrLu9cdXI4zw9dBQJslwBEpbQ2P1oS7nDxs6jQ==",
      "dev": true
    },
    "findup-sync": {
      "version": "0.1.3",
      "resolved": "https://registry.npmjs.org/findup-sync/-/findup-sync-0.1.3.tgz",
      "integrity": "sha512-yjftfYnF4ThYEvKEV/kEFR15dmtyXTAh3vQnzpJUoc7Naj5y1P0Ck7Zs1+Vroa00E3KT3IYsk756S+8WA5dNLw==",
      "dev": true,
      "requires": {
        "glob": "~3.2.9",
        "lodash": "~2.4.1"
      },
      "dependencies": {
        "glob": {
          "version": "3.2.11",
          "resolved": "https://registry.npmjs.org/glob/-/glob-3.2.11.tgz",
          "integrity": "sha512-hVb0zwEZwC1FXSKRPFTeOtN7AArJcJlI6ULGLtrstaswKNlrTJqAA+1lYlSUop4vjA423xlBzqfVS3iWGlqJ+g==",
          "dev": true,
          "requires": {
            "inherits": "2",
            "minimatch": "0.3"
          }
        },
        "inherits": {
          "version": "2.0.4",
          "resolved": "https://registry.npmjs.org/inherits/-/inherits-2.0.4.tgz",
          "integrity": "sha512-k/vGaX4/Yla3WzyMCvTQOXYeIHvqOKtnqBduzTHpzpQZzAskKMhZ2K+EnBiSM9zGSoIFeMpXKxa4dYeZIQqewQ==",
          "dev": true
        },
        "lodash": {
          "version": "2.4.2",
          "resolved": "https://registry.npmjs.org/lodash/-/lodash-2.4.2.tgz",
          "integrity": "sha512-Kak1hi6/hYHGVPmdyiZijoQyz5x2iGVzs6w9GYB/HiXEtylY7tIoYEROMjvM1d9nXJqPOrG2MNPMn01bJ+S0Rw==",
          "dev": true
        },
        "minimatch": {
          "version": "0.3.0",
          "resolved": "https://registry.npmjs.org/minimatch/-/minimatch-0.3.0.tgz",
          "integrity": "sha512-WFX1jI1AaxNTZVOHLBVazwTWKaQjoykSzCBNXB72vDTCzopQGtyP91tKdFK5cv1+qMwPyiTu1HqUriqplI8pcA==",
          "dev": true,
          "requires": {
            "lru-cache": "2",
            "sigmund": "~1.0.0"
          }
        }
      }
    },
    "getobject": {
      "version": "0.1.0",
      "resolved": "https://registry.npmjs.org/getobject/-/getobject-0.1.0.tgz",
      "integrity": "sha512-hIGEBfnHcZpWkXPsAVeVmpYDvfy/matVl03yOY91FPmnpCC12Lm5izNxCjO3lHAeO6uaTwMxu7g450Siknlhig==",
      "dev": true
    },
    "glob": {
      "version": "3.1.21",
      "resolved": "https://registry.npmjs.org/glob/-/glob-3.1.21.tgz",
      "integrity": "sha512-ANhy2V2+tFpRajE3wN4DhkNQ08KDr0Ir1qL12/cUe5+a7STEK8jkW4onUYuY8/06qAFuT5je7mjAqzx0eKI2tQ==",
      "dev": true,
      "requires": {
        "graceful-fs": "~1.2.0",
        "inherits": "1",
        "minimatch": "~0.2.11"
      }
    },
    "graceful-fs": {
      "version": "1.2.3",
      "resolved": "https://registry.npmjs.org/graceful-fs/-/graceful-fs-1.2.3.tgz",
      "integrity": "sha512-iiTUZ5vZ+2ZV+h71XAgwCSu6+NAizhFU3Yw8aC/hH5SQ3SnISqEqAek40imAFGtDcwJKNhXvSY+hzIolnLwcdQ==",
      "dev": true
    },
    "grunt": {
      "version": "0.4.5",
      "resolved": "https://registry.npmjs.org/grunt/-/grunt-0.4.5.tgz",
      "integrity": "sha512-1iq3ylLjzXqz/KSq1OAE2qhnpcbkF2WyhsQcavZt+YmgvHu0EbPMEhGhy2gr0FP67isHpRdfwjB5WVeXXcJemQ==",
      "dev": true,
      "requires": {
        "async": "~0.1.22",
        "coffee-script": "~1.3.3",
        "colors": "~0.6.2",
        "dateformat": "1.0.2-1.2.3",
        "eventemitter2": "~0.4.13",
        "exit": "~0.1.1",
        "findup-sync": "~0.1.2",
        "getobject": "~0.1.0",
        "glob": "~3.1.21",
        "grunt-legacy-log": "~0.1.0",
        "grunt-legacy-util": "~0.2.0",
        "hooker": "~0.2.3",
        "iconv-lite": "~0.2.11",
        "js-yaml": "~2.0.5",
        "lodash": "~0.9.2",
        "minimatch": "~0.2.12",
        "nopt": "~1.0.10",
        "rimraf": "~2.2.8",
        "underscore.string": "~2.2.1",
        "which": "~1.0.5"
      }
    },
    "grunt-contrib-clean": {
      "version": "0.5.0",
      "resolved": "https://registry.npmjs.org/grunt-contrib-clean/-/grunt-contrib-clean-0.5.0.tgz",
      "integrity": "sha512-82I+O38BHP4rqxceareiDKnLnrSyGnyn6N9E6sUpBgCtxXgxMbJEBooSC7KtXhLO7im1QhoPp9FdSvTZ+k1bIw==",
      "dev": true,
      "requires": {
        "rimraf": "~2.2.1"
      }
    },
    "grunt-contrib-jshint": {
      "version": "0.6.5",
      "resolved": "https://registry.npmjs.org/grunt-contrib-jshint/-/grunt-contrib-jshint-0.6.5.tgz",
      "integrity": "sha512-Hq9ExFaE41jCoAXqwdIi2b/QGI3K/1z+52aIP0m1zTaXv6DgodDhnR7ijqGTI3mm9UdJi/qfb08/UmEOEKsuLw==",
      "dev": true,
      "requires": {
        "jshint": "~2.1.10"
      }
    },
    "grunt-contrib-uglify": {
      "version": "0.2.7",
      "resolved": "https://registry.npmjs.org/grunt-contrib-uglify/-/grunt-contrib-uglify-0.2.7.tgz",
      "integrity": "sha512-KXKM2UNLsCiUI6/DYfAIPm3i26UJJN6Cf6KD8fFa2TKllj7yLPC853IxtWBJ/3jX66QtXHGtdCORuuA6sAFvvA==",
      "dev": true,
      "requires": {
        "grunt-lib-contrib": "~0.6.1",
        "uglify-js": "~2.4.0"
      }
    },
    "grunt-legacy-log": {
      "version": "0.1.3",
      "resolved": "https://registry.npmjs.org/grunt-legacy-log/-/grunt-legacy-log-0.1.3.tgz",
      "integrity": "sha512-qYs/uM0ImdzwIXLhS4O5WLV5soAM+PEqqHI/hzSxlo450ERSccEhnXqoeDA9ZozOdaWuYnzTOTwRcVRogleMxg==",
      "dev": true,
      "requires": {
        "colors": "~0.6.2",
        "grunt-legacy-log-utils": "~0.1.1",
        "hooker": "~0.2.3",
        "lodash": "~2.4.1",
        "underscore.string": "~2.3.3"
      },
      "dependencies": {
        "lodash": {
          "version": "2.4.2",
          "resolved": "https://registry.npmjs.org/lodash/-/lodash-2.4.2.tgz",
          "integrity": "sha512-Kak1hi6/hYHGVPmdyiZijoQyz5x2iGVzs6w9GYB/HiXEtylY7tIoYEROMjvM1d9nXJqPOrG2MNPMn01bJ+S0Rw==",
          "dev": true
        },
        "underscore.string": {
          "version": "2.3.3",
          "resolved": "https://registry.npmjs.org/underscore.string/-/underscore.string-2.3.3.tgz",
          "integrity": "sha512-hbD5MibthuDAu4yA5wxes5bzFgqd3PpBJuClbRxaNddxfdsz+qf+1kHwrGQFrmchmDHb9iNU+6EHDn8uj0xDJg==",
          "dev": true
        }
      }
    },
    "grunt-legacy-log-utils": {
      "version": "0.1.1",
      "resolved": "https://registry.npmjs.org/grunt-legacy-log-utils/-/grunt-legacy-log-utils-0.1.1.tgz",
      "integrity": "sha512-D0vbUX00TFYCKNZtcZzemMpwT8TR/FdRs1pmfiBw6qnUw80PfsjV+lhIozY/3eJ3PSG2zj89wd2mH/7f4tNAlw==",
      "dev": true,
      "requires": {
        "colors": "~0.6.2",
        "lodash": "~2.4.1",
        "underscore.string": "~2.3.3"
      },
      "dependencies": {
        "lodash": {
          "version": "2.4.2",
          "resolved": "https://registry.npmjs.org/lodash/-/lodash-2.4.2.tgz",
          "integrity": "sha512-Kak1hi6/hYHGVPmdyiZijoQyz5x2iGVzs6w9GYB/HiXEtylY7tIoYEROMjvM1d9nXJqPOrG2MNPMn01bJ+S0Rw==",
          "dev": true
        },
        "underscore.string": {
          "version": "2.3.3",
          "resolved": "https://registry.npmjs.org/underscore.string/-/underscore.string-2.3.3.tgz",
          "integrity": "sha512-hbD5MibthuDAu4yA5wxes5bzFgqd3PpBJuClbRxaNddxfdsz+qf+1kHwrGQFrmchmDHb9iNU+6EHDn8uj0xDJg==",
          "dev": true
        }
      }
    },
    "grunt-legacy-util": {
      "version": "0.2.0",
      "resolved": "https://registry.npmjs.org/grunt-legacy-util/-/grunt-legacy-util-0.2.0.tgz",
      "integrity": "sha512-cXPbfF8aM+pvveQeN1K872D5fRm30xfJWZiS63Y8W8oyIPLClCsmI8bW96Txqzac9cyL4lRqEBhbhJ3n5EzUUQ==",
      "dev": true,
      "requires": {
        "async": "~0.1.22",
        "exit": "~0.1.1",
        "getobject": "~0.1.0",
        "hooker": "~0.2.3",
        "lodash": "~0.9.2",
        "underscore.string": "~2.2.1",
        "which": "~1.0.5"
      }
    },
    "grunt-lib-contrib": {
      "version": "0.6.1",
      "resolved": "https://registry.npmjs.org/grunt-lib-contrib/-/grunt-lib-contrib-0.6.1.tgz",
      "integrity": "sha512-HdCtJuMmmkSAVrAfsG7lZWE0YabrsPWwzcCCUgWQOAaQsQSUNhw/IwD2YjCSLh5y9NXSPzHTYFLL4ro7QbAJMA==",
      "dev": true,
      "requires": {
        "zlib-browserify": "0.0.1"
      }
    },
    "hooker": {
      "version": "0.2.3",
      "resolved": "https://registry.npmjs.org/hooker/-/hooker-0.2.3.tgz",
      "integrity": "sha512-t+UerCsQviSymAInD01Pw+Dn/usmz1sRO+3Zk1+lx8eg+WKpD2ulcwWqHHL0+aseRBr+3+vIhiG1K1JTwaIcTA==",
      "dev": true
    },
    "iconv-lite": {
      "version": "0.2.11",
      "resolved": "https://registry.npmjs.org/iconv-lite/-/iconv-lite-0.2.11.tgz",
      "integrity": "sha512-KhmFWgaQZY83Cbhi+ADInoUQ8Etn6BG5fikM9syeOjQltvR45h7cRKJ/9uvQEuD61I3Uju77yYce0/LhKVClQw==",
      "dev": true
    },
    "inherits": {
      "version": "1.0.2",
      "resolved": "https://registry.npmjs.org/inherits/-/inherits-1.0.2.tgz",
      "integrity": "sha512-Al67oatbRSo3RV5hRqIoln6Y5yMVbJSIn4jEJNL7VCImzq/kLr7vvb6sFRJXqr8rpHc/2kJOM+y0sPKN47VdzA==",
      "dev": true
    },
    "js-yaml": {
      "version": "2.0.5",
      "resolved": "https://registry.npmjs.org/js-yaml/-/js-yaml-2.0.5.tgz",
      "integrity": "sha512-VEKcIksckDBUhg2JS874xVouiPkywVUh4yyUmLCDe1Zg3bCd6M+F1eGPenPeHLc2XC8pp9G8bsuofK0NeEqRkA==",
      "dev": true,
      "requires": {
        "argparse": "~ 0.1.11",
        "esprima": "~ 1.0.2"
      }
    },
    "jshint": {
      "version": "2.1.11",
      "resolved": "https://registry.npmjs.org/jshint/-/jshint-2.1.11.tgz",
      "integrity": "sha512-dudyjI4JJQYLUIKWq4SESC5xTC4Qw/VeL+VzEnkG7ZwKaxap+jKkySGQgjHj1ruSlTN4vXr0pAUIA8EFPS/+zw==",
      "dev": true,
      "requires": {
        "cli": "0.4.x",
        "console-browserify": "0.1.x",
        "minimatch": "0.x.x",
        "shelljs": "0.1.x",
        "underscore": "1.4.x"
      },
      "dependencies": {
        "underscore": {
          "version": "1.4.4",
          "resolved": "https://registry.npmjs.org/underscore/-/underscore-1.4.4.tgz",
          "integrity": "sha512-ZqGrAgaqqZM7LGRzNjLnw5elevWb5M8LEoDMadxIW3OWbcv72wMMgKdwOKpd5Fqxe8choLD8HN3iSj3TUh/giQ==",
          "dev": true
        }
      }
    },
    "lodash": {
      "version": "0.9.2",
      "resolved": "https://registry.npmjs.org/lodash/-/lodash-0.9.2.tgz",
      "integrity": "sha512-LVbt/rjK62gSbhehDVKL0vlaime4Y1IBixL+bKeNfoY4L2zab/jGrxU6Ka05tMA/zBxkTk5t3ivtphdyYupczw==",
      "dev": true
    },
    "lru-cache": {
      "version": "2.7.3",
      "resolved": "https://registry.npmjs.org/lru-cache/-/lru-cache-2.7.3.tgz",
      "integrity": "sha512-WpibWJ60c3AgAz8a2iYErDrcT2C7OmKnsWhIcHOjkUHFjkXncJhtLxNSqUmxRxRunpb5I8Vprd7aNSd2NtksJQ==",
      "dev": true
    },
    "minimatch": {
      "version": "0.2.14",
      "resolved": "https://registry.npmjs.org/minimatch/-/minimatch-0.2.14.tgz",
      "integrity": "sha512-zZ+Jy8lVWlvqqeM8iZB7w7KmQkoJn8djM585z88rywrEbzoqawVa9FR5p2hwD+y74nfuKOjmNvi9gtWJNLqHvA==",
      "dev": true,
      "requires": {
        "lru-cache": "2",
        "sigmund": "~1.0.0"
      }
    },
    "nopt": {
      "version": "1.0.10",
      "resolved": "https://registry.npmjs.org/nopt/-/nopt-1.0.10.tgz",
      "integrity": "sha512-NWmpvLSqUrgrAC9HCuxEvb+PSloHpqVu+FqcO4eeF2h5qYRhA7ev6KvelyQAKtegUbC6RypJnlEOhd8vloNKYg==",
      "dev": true,
      "requires": {
        "abbrev": "1"
      }
    },
    "rimraf": {
      "version": "2.2.8",
      "resolved": "https://registry.npmjs.org/rimraf/-/rimraf-2.2.8.tgz",
      "integrity": "sha512-R5KMKHnPAQaZMqLOsyuyUmcIjSeDm+73eoqQpaXA7AZ22BL+6C+1mcUscgOsNd8WVlJuvlgAPsegcx7pjlV0Dg==",
      "dev": true
    },
    "shelljs": {
      "version": "0.1.4",
      "resolved": "https://registry.npmjs.org/shelljs/-/shelljs-0.1.4.tgz",
      "integrity": "sha512-UkXLBuUzAJwkal/0eYnQs8LpXQ4grKL5kPtA0RkUzhj1khUvw5Z2d717GRTRclDWQ+Y14yWkiM9cJX2CwSHxpw==",
      "dev": true
    },
    "sigmund": {
      "version": "1.0.1",
      "resolved": "https://registry.npmjs.org/sigmund/-/sigmund-1.0.1.tgz",
      "integrity": "sha512-fCvEXfh6NWpm+YSuY2bpXb/VIihqWA6hLsgboC+0nl71Q7N7o2eaCW8mJa/NLvQhs6jpd3VZV4UiUQlV6+lc8g==",
      "dev": true
    },
    "source-map": {
      "version": "0.1.34",
      "resolved": "https://registry.npmjs.org/source-map/-/source-map-0.1.34.tgz",
      "integrity": "sha512-yfCwDj0vR9RTwt3pEzglgb3ZgmcXHt6DjG3bjJvzPwTL+5zDQ2MhmSzAcTy0GTiQuCiriSWXvWM1/NhKdXuoQA==",
      "dev": true,
      "requires": {
        "amdefine": ">=0.0.4"
      }
    },
    "uglify-js": {
      "version": "2.4.24",
      "resolved": "https://registry.npmjs.org/uglify-js/-/uglify-js-2.4.24.tgz",
      "integrity": "sha512-tktIjwackfZLd893KGJmXc1hrRHH1vH9Po3xFh1XBjjeGAnN02xJ3SuoA+n1L29/ZaCA18KzCFlckS+vfPugiA==",
      "dev": true,
      "requires": {
        "async": "~0.2.6",
        "source-map": "0.1.34",
        "uglify-to-browserify": "~1.0.0",
        "yargs": "~3.5.4"
      },
      "dependencies": {
        "async": {
          "version": "0.2.10",
          "resolved": "https://registry.npmjs.org/async/-/async-0.2.10.tgz",
          "integrity": "sha512-eAkdoKxU6/LkKDBzLpT+t6Ff5EtfSF4wx1WfJiPEEV7WNLnDaRXk0oVysiEPm262roaachGexwUv94WhSgN5TQ==",
          "dev": true
        }
      }
    },
    "uglify-to-browserify": {
      "version": "1.0.2",
      "resolved": "https://registry.npmjs.org/uglify-to-browserify/-/uglify-to-browserify-1.0.2.tgz",
      "integrity": "sha512-vb2s1lYx2xBtUgy+ta+b2J/GLVUR+wmpINwHePmPRhOsIVCG2wDzKJ0n14GslH1BifsqVzSOwQhRaCAsZ/nI4Q==",
      "dev": true
    },
    "underscore": {
      "version": "1.7.0",
      "resolved": "https://registry.npmjs.org/underscore/-/underscore-1.7.0.tgz",
      "integrity": "sha512-cp0oQQyZhUM1kpJDLdGO1jPZHgS/MpzoWYfe9+CM2h/QGDZlqwT2T3YGukuBdaNJ/CAPoeyAZRRHz8JFo176vA==",
      "dev": true
    },
    "underscore.string": {
      "version": "2.2.1",
      "resolved": "https://registry.npmjs.org/underscore.string/-/underscore.string-2.2.1.tgz",
      "integrity": "sha512-3FVmhXqelrj6gfgp3Bn6tOavJvW0dNH2T+heTD38JRxIrAbiuzbqjknszoOYj3DyFB1nWiLj208Qt2no/L4cIA==",
      "dev": true
    },
    "which": {
      "version": "1.0.9",
      "resolved": "https://registry.npmjs.org/which/-/which-1.0.9.tgz",
      "integrity": "sha512-E87fdQ/eRJr9W1X4wTPejNy9zTW3FI2vpCZSJ/HAY+TkjKVC0TUm1jk6vn2Z7qay0DQy0+RBGdXxj+RmmiGZKQ==",
      "dev": true
    },
    "window-size": {
      "version": "0.1.0",
      "resolved": "https://registry.npmjs.org/window-size/-/window-size-0.1.0.tgz",
      "integrity": "sha512-1pTPQDKTdd61ozlKGNCjhNRd+KPmgLSGa3mZTHoOliaGcESD8G1PXhh7c1fgiPjVbNVfgy2Faw4BI8/m0cC8Mg==",
      "dev": true
    },
    "wordwrap": {
      "version": "0.0.2",
      "resolved": "https://registry.npmjs.org/wordwrap/-/wordwrap-0.0.2.tgz",
      "integrity": "sha512-xSBsCeh+g+dinoBv3GAOWM4LcVVO68wLXRanibtBSdUvkGWQRGeE9P7IwU9EmDDi4jA6L44lz15CGMwdw9N5+Q==",
      "dev": true
    },
    "yargs": {
      "version": "3.5.4",
      "resolved": "https://registry.npmjs.org/yargs/-/yargs-3.5.4.tgz",
      "integrity": "sha512-5j382E4xQSs71p/xZQsU1PtRA2HXPAjX0E0DkoGLxwNASMOKX6A9doV1NrZmj85u2Pjquz402qonBzz/yLPbPA==",
      "dev": true,
      "requires": {
        "camelcase": "^1.0.2",
        "decamelize": "^1.0.0",
        "window-size": "0.1.0",
        "wordwrap": "0.0.2"
      }
    },
    "zlib-browserify": {
      "version": "0.0.1",
      "resolved": "https://registry.npmjs.org/zlib-browserify/-/zlib-browserify-0.0.1.tgz",
      "integrity": "sha512-fheIDCKXU0YAGZMv4FFwVTBMQRSv2ZjNqRN1VkZjetZDK/BC/hViEhasTh0kTeogcsIAl5gYE04GN53trT+cFw==",
      "dev": true
    }
  }
}
